// !$*UTF8*$!
{
	archiveVersion = 1;
	classes = {
	};
	objectVersion = 46;
	objects = {

/* Begin PBXBuildFile section */
		B8A9B349CFA2339E26D53F0A /* libPods-JYMoran.a in Frameworks */ = {isa = PBXBuildFile; fileRef = 9F04DC2A1388FE0DA4796C44 /* libPods-JYMoran.a */; };
		D81417D11BDA7A1C00819469 /* JYLoginRequest.m in Sources */ = {isa = PBXBuildFile; fileRef = D81417D01BDA7A1C00819469 /* JYLoginRequest.m */; };
		D81417D41BDA7EE100819469 /* JYUserModel.m in Sources */ = {isa = PBXBuildFile; fileRef = D81417D31BDA7EE100819469 /* JYUserModel.m */; };
		D81417D71BDA815700819469 /* BLMultipartForm.m in Sources */ = {isa = PBXBuildFile; fileRef = D81417D61BDA815700819469 /* BLMultipartForm.m */; };
		D81417DA1BDA890000819469 /* JYLoginRequestParser.m in Sources */ = {isa = PBXBuildFile; fileRef = D81417D91BDA890000819469 /* JYLoginRequestParser.m */; };
		D81417DD1BDC8C5700819469 /* JYRegisterViewController.m in Sources */ = {isa = PBXBuildFile; fileRef = D81417DC1BDC8C5700819469 /* JYRegisterViewController.m */; };
		D81417E01BDCC2CE00819469 /* JYRegisterRequest.m in Sources */ = {isa = PBXBuildFile; fileRef = D81417DF1BDCC2CE00819469 /* JYRegisterRequest.m */; };
		D81417E31BDCCF0900819469 /* JYRegisterRequestParser.m in Sources */ = {isa = PBXBuildFile; fileRef = D81417E21BDCCF0900819469 /* JYRegisterRequestParser.m */; };
		D853BB671BD7D6A100C1B6D0 /* Images.xcassets in Resources */ = {isa = PBXBuildFile; fileRef = D853BB661BD7D6A100C1B6D0 /* Images.xcassets */; };
		D853BB691BD7D78600C1B6D0 /* Main.xcassets in Resources */ = {isa = PBXBuildFile; fileRef = D853BB681BD7D78600C1B6D0 /* Main.xcassets */; };
		D853BB721BD7DE9400C1B6D0 /* JYLoginAndRegisterViewController.m in Sources */ = {isa = PBXBuildFile; fileRef = D853BB711BD7DE9400C1B6D0 /* JYLoginAndRegisterViewController.m */; };
		D86B07941BE24C350028744F /* JYGlobal.m in Sources */ = {isa = PBXBuildFile; fileRef = D86B07931BE24C350028744F /* JYGlobal.m */; };
		D8826DDF1BDFADF200026474 /* JYMy.storyboard in Resources */ = {isa = PBXBuildFile; fileRef = D8826DDE1BDFADF200026474 /* JYMy.storyboard */; };
		D8826DE21BDFAE9600026474 /* JYMyViewController.m in Sources */ = {isa = PBXBuildFile; fileRef = D8826DE11BDFAE9600026474 /* JYMyViewController.m */; };
		D8B1F5E91BE8E1090078A932 /* JYNickNameViewController.m in Sources */ = {isa = PBXBuildFile; fileRef = D8B1F5E81BE8E1090078A932 /* JYNickNameViewController.m */; };
		D8B1F5EC1BE8E1D90078A932 /* JYHeadImageViewController.m in Sources */ = {isa = PBXBuildFile; fileRef = D8B1F5EB1BE8E1D90078A932 /* JYHeadImageViewController.m */; };
		D8B1F5EF1BE8FA360078A932 /* JYHomePageViewController.m in Sources */ = {isa = PBXBuildFile; fileRef = D8B1F5EE1BE8FA360078A932 /* JYHomePageViewController.m */; };
		D8B1F5F21BEA41E50078A932 /* JYGetImage.m in Sources */ = {isa = PBXBuildFile; fileRef = D8B1F5F11BEA41E50078A932 /* JYGetImage.m */; };
		D8B1F5F51BEA4F690078A932 /* JYEditNickNameRequest.m in Sources */ = {isa = PBXBuildFile; fileRef = D8B1F5F41BEA4F690078A932 /* JYEditNickNameRequest.m */; };
		D8BC29E71BEB7FD000F71CCA /* JYEditImageRequest.m in Sources */ = {isa = PBXBuildFile; fileRef = D8BC29E61BEB7FD000F71CCA /* JYEditImageRequest.m */; };
		D8C32E071BED6D37008BE64B /* JYSquare.storyboard in Resources */ = {isa = PBXBuildFile; fileRef = D8C32E061BED6D37008BE64B /* JYSquare.storyboard */; };
		D8C32E0B1BED6F87008BE64B /* JYViewDetailController.m in Sources */ = {isa = PBXBuildFile; fileRef = D8C32E0A1BED6F87008BE64B /* JYViewDetailController.m */; };
		D8C32E0D1BED718C008BE64B /* JYLoginAndRegister.storyboard in Resources */ = {isa = PBXBuildFile; fileRef = D8C32E0C1BED718C008BE64B /* JYLoginAndRegister.storyboard */; };
		D8C32E111BED71EE008BE64B /* JYSquareCell.m in Sources */ = {isa = PBXBuildFile; fileRef = D8C32E101BED71EE008BE64B /* JYSquareCell.m */; };
		D8C32E141BED7238008BE64B /* JYSquareCollectionCell.m in Sources */ = {isa = PBXBuildFile; fileRef = D8C32E131BED7238008BE64B /* JYSquareCollectionCell.m */; };
		D8C32E171BED745B008BE64B /* JYSquareViewController.m in Sources */ = {isa = PBXBuildFile; fileRef = D8C32E161BED745B008BE64B /* JYSquareViewController.m */; };
		D8C32E1A1BED7A7A008BE64B /* JYSquareRequest.m in Sources */ = {isa = PBXBuildFile; fileRef = D8C32E191BED7A7A008BE64B /* JYSquareRequest.m */; };
		D8C32E1D1BED7B3F008BE64B /* JYSquareModel.m in Sources */ = {isa = PBXBuildFile; fileRef = D8C32E1C1BED7B3F008BE64B /* JYSquareModel.m */; };
		D8C32E211BED81B9008BE64B /* JYPictureModel.m in Sources */ = {isa = PBXBuildFile; fileRef = D8C32E201BED81B9008BE64B /* JYPictureModel.m */; };
		D8C32E241BED8239008BE64B /* JYSquareRequestParser.m in Sources */ = {isa = PBXBuildFile; fileRef = D8C32E231BED8239008BE64B /* JYSquareRequestParser.m */; };
		D8E790C61BD7CF8800C24F1F /* AppDelegate.m in Sources */ = {isa = PBXBuildFile; fileRef = D8E790BE1BD7CF8800C24F1F /* AppDelegate.m */; };
		D8E790CB1BD7D06D00C24F1F /* main.m in Sources */ = {isa = PBXBuildFile; fileRef = D8E790C91BD7D06D00C24F1F /* main.m */; };
/* End PBXBuildFile section */

/* Begin PBXFileReference section */
		585C32962F9224E39406A22D /* Pods-JYMoran.debug.xcconfig */ = {isa = PBXFileReference; includeInIndex = 1; lastKnownFileType = text.xcconfig; name = "Pods-JYMoran.debug.xcconfig"; path = "Pods/Target Support Files/Pods-JYMoran/Pods-JYMoran.debug.xcconfig"; sourceTree = "<group>"; };
		9F04DC2A1388FE0DA4796C44 /* libPods-JYMoran.a */ = {isa = PBXFileReference; explicitFileType = archive.ar; includeInIndex = 0; path = "libPods-JYMoran.a"; sourceTree = BUILT_PRODUCTS_DIR; };
		B67610A654E66561870921E4 /* Pods-JYMoran.release.xcconfig */ = {isa = PBXFileReference; includeInIndex = 1; lastKnownFileType = text.xcconfig; name = "Pods-JYMoran.release.xcconfig"; path = "Pods/Target Support Files/Pods-JYMoran/Pods-JYMoran.release.xcconfig"; sourceTree = "<group>"; };
		D81417CF1BDA7A1C00819469 /* JYLoginRequest.h */ = {isa = PBXFileReference; fileEncoding = 4; lastKnownFileType = sourcecode.c.h; path = JYLoginRequest.h; sourceTree = "<group>"; };
		D81417D01BDA7A1C00819469 /* JYLoginRequest.m */ = {isa = PBXFileReference; fileEncoding = 4; lastKnownFileType = sourcecode.c.objc; path = JYLoginRequest.m; sourceTree = "<group>"; };
		D81417D21BDA7EE100819469 /* JYUserModel.h */ = {isa = PBXFileReference; fileEncoding = 4; lastKnownFileType = sourcecode.c.h; path = JYUserModel.h; sourceTree = "<group>"; };
		D81417D31BDA7EE100819469 /* JYUserModel.m */ = {isa = PBXFileReference; fileEncoding = 4; lastKnownFileType = sourcecode.c.objc; path = JYUserModel.m; sourceTree = "<group>"; };
		D81417D51BDA815700819469 /* BLMultipartForm.h */ = {isa = PBXFileReference; fileEncoding = 4; lastKnownFileType = sourcecode.c.h; path = BLMultipartForm.h; sourceTree = "<group>"; };
		D81417D61BDA815700819469 /* BLMultipartForm.m */ = {isa = PBXFileReference; fileEncoding = 4; lastKnownFileType = sourcecode.c.objc; path = BLMultipartForm.m; sourceTree = "<group>"; };
		D81417D81BDA890000819469 /* JYLoginRequestParser.h */ = {isa = PBXFileReference; fileEncoding = 4; lastKnownFileType = sourcecode.c.h; path = JYLoginRequestParser.h; sourceTree = "<group>"; };
		D81417D91BDA890000819469 /* JYLoginRequestParser.m */ = {isa = PBXFileReference; fileEncoding = 4; lastKnownFileType = sourcecode.c.objc; path = JYLoginRequestParser.m; sourceTree = "<group>"; };
		D81417DB1BDC8C5700819469 /* JYRegisterViewController.h */ = {isa = PBXFileReference; fileEncoding = 4; lastKnownFileType = sourcecode.c.h; path = JYRegisterViewController.h; sourceTree = "<group>"; };
		D81417DC1BDC8C5700819469 /* JYRegisterViewController.m */ = {isa = PBXFileReference; fileEncoding = 4; lastKnownFileType = sourcecode.c.objc; path = JYRegisterViewController.m; sourceTree = "<group>"; };
		D81417DE1BDCC2CE00819469 /* JYRegisterRequest.h */ = {isa = PBXFileReference; fileEncoding = 4; lastKnownFileType = sourcecode.c.h; path = JYRegisterRequest.h; sourceTree = "<group>"; };
		D81417DF1BDCC2CE00819469 /* JYRegisterRequest.m */ = {isa = PBXFileReference; fileEncoding = 4; lastKnownFileType = sourcecode.c.objc; path = JYRegisterRequest.m; sourceTree = "<group>"; };
		D81417E11BDCCF0900819469 /* JYRegisterRequestParser.h */ = {isa = PBXFileReference; fileEncoding = 4; lastKnownFileType = sourcecode.c.h; path = JYRegisterRequestParser.h; sourceTree = "<group>"; };
		D81417E21BDCCF0900819469 /* JYRegisterRequestParser.m */ = {isa = PBXFileReference; fileEncoding = 4; lastKnownFileType = sourcecode.c.objc; path = JYRegisterRequestParser.m; sourceTree = "<group>"; };
		D83A77751BD3D04F0001D893 /* JYMoran.app */ = {isa = PBXFileReference; explicitFileType = wrapper.application; includeInIndex = 0; path = JYMoran.app; sourceTree = BUILT_PRODUCTS_DIR; };
		D853BB661BD7D6A100C1B6D0 /* Images.xcassets */ = {isa = PBXFileReference; lastKnownFileType = folder.assetcatalog; path = Images.xcassets; sourceTree = "<group>"; };
		D853BB681BD7D78600C1B6D0 /* Main.xcassets */ = {isa = PBXFileReference; lastKnownFileType = folder.assetcatalog; path = Main.xcassets; sourceTree = "<group>"; };
		D853BB701BD7DE9400C1B6D0 /* JYLoginAndRegisterViewController.h */ = {isa = PBXFileReference; fileEncoding = 4; lastKnownFileType = sourcecode.c.h; path = JYLoginAndRegisterViewController.h; sourceTree = "<group>"; };
		D853BB711BD7DE9400C1B6D0 /* JYLoginAndRegisterViewController.m */ = {isa = PBXFileReference; fileEncoding = 4; lastKnownFileType = sourcecode.c.objc; path = JYLoginAndRegisterViewController.m; sourceTree = "<group>"; };
		D86B07921BE24C350028744F /* JYGlobal.h */ = {isa = PBXFileReference; fileEncoding = 4; lastKnownFileType = sourcecode.c.h; path = JYGlobal.h; sourceTree = "<group>"; };
		D86B07931BE24C350028744F /* JYGlobal.m */ = {isa = PBXFileReference; fileEncoding = 4; lastKnownFileType = sourcecode.c.objc; path = JYGlobal.m; sourceTree = "<group>"; };
		D8826DDE1BDFADF200026474 /* JYMy.storyboard */ = {isa = PBXFileReference; fileEncoding = 4; lastKnownFileType = file.storyboard; path = JYMy.storyboard; sourceTree = "<group>"; };
		D8826DE01BDFAE9600026474 /* JYMyViewController.h */ = {isa = PBXFileReference; fileEncoding = 4; lastKnownFileType = sourcecode.c.h; path = JYMyViewController.h; sourceTree = "<group>"; };
		D8826DE11BDFAE9600026474 /* JYMyViewController.m */ = {isa = PBXFileReference; fileEncoding = 4; lastKnownFileType = sourcecode.c.objc; path = JYMyViewController.m; sourceTree = "<group>"; };
		D8B1F5E71BE8E1090078A932 /* JYNickNameViewController.h */ = {isa = PBXFileReference; fileEncoding = 4; lastKnownFileType = sourcecode.c.h; path = JYNickNameViewController.h; sourceTree = "<group>"; };
		D8B1F5E81BE8E1090078A932 /* JYNickNameViewController.m */ = {isa = PBXFileReference; fileEncoding = 4; lastKnownFileType = sourcecode.c.objc; path = JYNickNameViewController.m; sourceTree = "<group>"; };
		D8B1F5EA1BE8E1D90078A932 /* JYHeadImageViewController.h */ = {isa = PBXFileReference; fileEncoding = 4; lastKnownFileType = sourcecode.c.h; path = JYHeadImageViewController.h; sourceTree = "<group>"; };
		D8B1F5EB1BE8E1D90078A932 /* JYHeadImageViewController.m */ = {isa = PBXFileReference; fileEncoding = 4; lastKnownFileType = sourcecode.c.objc; path = JYHeadImageViewController.m; sourceTree = "<group>"; };
		D8B1F5ED1BE8FA360078A932 /* JYHomePageViewController.h */ = {isa = PBXFileReference; fileEncoding = 4; lastKnownFileType = sourcecode.c.h; path = JYHomePageViewController.h; sourceTree = "<group>"; };
		D8B1F5EE1BE8FA360078A932 /* JYHomePageViewController.m */ = {isa = PBXFileReference; fileEncoding = 4; lastKnownFileType = sourcecode.c.objc; path = JYHomePageViewController.m; sourceTree = "<group>"; };
		D8B1F5F01BEA41E50078A932 /* JYGetImage.h */ = {isa = PBXFileReference; fileEncoding = 4; lastKnownFileType = sourcecode.c.h; path = JYGetImage.h; sourceTree = "<group>"; };
		D8B1F5F11BEA41E50078A932 /* JYGetImage.m */ = {isa = PBXFileReference; fileEncoding = 4; lastKnownFileType = sourcecode.c.objc; path = JYGetImage.m; sourceTree = "<group>"; };
		D8B1F5F31BEA4F690078A932 /* JYEditNickNameRequest.h */ = {isa = PBXFileReference; fileEncoding = 4; lastKnownFileType = sourcecode.c.h; path = JYEditNickNameRequest.h; sourceTree = "<group>"; };
		D8B1F5F41BEA4F690078A932 /* JYEditNickNameRequest.m */ = {isa = PBXFileReference; fileEncoding = 4; lastKnownFileType = sourcecode.c.objc; path = JYEditNickNameRequest.m; sourceTree = "<group>"; };
		D8BC29E51BEB7FD000F71CCA /* JYEditImageRequest.h */ = {isa = PBXFileReference; fileEncoding = 4; lastKnownFileType = sourcecode.c.h; path = JYEditImageRequest.h; sourceTree = "<group>"; };
		D8BC29E61BEB7FD000F71CCA /* JYEditImageRequest.m */ = {isa = PBXFileReference; fileEncoding = 4; lastKnownFileType = sourcecode.c.objc; path = JYEditImageRequest.m; sourceTree = "<group>"; };
		D8C32E061BED6D37008BE64B /* JYSquare.storyboard */ = {isa = PBXFileReference; fileEncoding = 4; lastKnownFileType = file.storyboard; path = JYSquare.storyboard; sourceTree = "<group>"; };
		D8C32E091BED6F87008BE64B /* JYViewDetailController.h */ = {isa = PBXFileReference; fileEncoding = 4; lastKnownFileType = sourcecode.c.h; path = JYViewDetailController.h; sourceTree = "<group>"; };
		D8C32E0A1BED6F87008BE64B /* JYViewDetailController.m */ = {isa = PBXFileReference; fileEncoding = 4; lastKnownFileType = sourcecode.c.objc; path = JYViewDetailController.m; sourceTree = "<group>"; };
		D8C32E0C1BED718C008BE64B /* JYLoginAndRegister.storyboard */ = {isa = PBXFileReference; fileEncoding = 4; lastKnownFileType = file.storyboard; path = JYLoginAndRegister.storyboard; sourceTree = "<group>"; };
		D8C32E0F1BED71EE008BE64B /* JYSquareCell.h */ = {isa = PBXFileReference; fileEncoding = 4; lastKnownFileType = sourcecode.c.h; path = JYSquareCell.h; sourceTree = "<group>"; };
		D8C32E101BED71EE008BE64B /* JYSquareCell.m */ = {isa = PBXFileReference; fileEncoding = 4; lastKnownFileType = sourcecode.c.objc; path = JYSquareCell.m; sourceTree = "<group>"; };
		D8C32E121BED7238008BE64B /* JYSquareCollectionCell.h */ = {isa = PBXFileReference; fileEncoding = 4; lastKnownFileType = sourcecode.c.h; path = JYSquareCollectionCell.h; sourceTree = "<group>"; };
		D8C32E131BED7238008BE64B /* JYSquareCollectionCell.m */ = {isa = PBXFileReference; fileEncoding = 4; lastKnownFileType = sourcecode.c.objc; path = JYSquareCollectionCell.m; sourceTree = "<group>"; };
		D8C32E151BED745B008BE64B /* JYSquareViewController.h */ = {isa = PBXFileReference; fileEncoding = 4; lastKnownFileType = sourcecode.c.h; path = JYSquareViewController.h; sourceTree = "<group>"; };
		D8C32E161BED745B008BE64B /* JYSquareViewController.m */ = {isa = PBXFileReference; fileEncoding = 4; lastKnownFileType = sourcecode.c.objc; path = JYSquareViewController.m; sourceTree = "<group>"; };
		D8C32E181BED7A7A008BE64B /* JYSquareRequest.h */ = {isa = PBXFileReference; fileEncoding = 4; lastKnownFileType = sourcecode.c.h; path = JYSquareRequest.h; sourceTree = "<group>"; };
		D8C32E191BED7A7A008BE64B /* JYSquareRequest.m */ = {isa = PBXFileReference; fileEncoding = 4; lastKnownFileType = sourcecode.c.objc; path = JYSquareRequest.m; sourceTree = "<group>"; };
		D8C32E1B1BED7B3F008BE64B /* JYSquareModel.h */ = {isa = PBXFileReference; fileEncoding = 4; lastKnownFileType = sourcecode.c.h; path = JYSquareModel.h; sourceTree = "<group>"; };
		D8C32E1C1BED7B3F008BE64B /* JYSquareModel.m */ = {isa = PBXFileReference; fileEncoding = 4; lastKnownFileType = sourcecode.c.objc; path = JYSquareModel.m; sourceTree = "<group>"; };
		D8C32E1F1BED81B9008BE64B /* JYPictureModel.h */ = {isa = PBXFileReference; fileEncoding = 4; lastKnownFileType = sourcecode.c.h; path = JYPictureModel.h; sourceTree = "<group>"; };
		D8C32E201BED81B9008BE64B /* JYPictureModel.m */ = {isa = PBXFileReference; fileEncoding = 4; lastKnownFileType = sourcecode.c.objc; path = JYPictureModel.m; sourceTree = "<group>"; };
		D8C32E221BED8239008BE64B /* JYSquareRequestParser.h */ = {isa = PBXFileReference; fileEncoding = 4; lastKnownFileType = sourcecode.c.h; path = JYSquareRequestParser.h; sourceTree = "<group>"; };
		D8C32E231BED8239008BE64B /* JYSquareRequestParser.m */ = {isa = PBXFileReference; fileEncoding = 4; lastKnownFileType = sourcecode.c.objc; path = JYSquareRequestParser.m; sourceTree = "<group>"; };
		D8E790BD1BD7CF8800C24F1F /* AppDelegate.h */ = {isa = PBXFileReference; fileEncoding = 4; lastKnownFileType = sourcecode.c.h; path = AppDelegate.h; sourceTree = "<group>"; };
		D8E790BE1BD7CF8800C24F1F /* AppDelegate.m */ = {isa = PBXFileReference; fileEncoding = 4; lastKnownFileType = sourcecode.c.objc; path = AppDelegate.m; sourceTree = "<group>"; };
		D8E790C81BD7D06D00C24F1F /* Info.plist */ = {isa = PBXFileReference; fileEncoding = 4; lastKnownFileType = text.plist.xml; path = Info.plist; sourceTree = "<group>"; };
		D8E790C91BD7D06D00C24F1F /* main.m */ = {isa = PBXFileReference; fileEncoding = 4; lastKnownFileType = sourcecode.c.objc; path = main.m; sourceTree = "<group>"; };
/* End PBXFileReference section */

/* Begin PBXFrameworksBuildPhase section */
		D83A77721BD3D04F0001D893 /* Frameworks */ = {
			isa = PBXFrameworksBuildPhase;
			buildActionMask = 2147483647;
			files = (
				B8A9B349CFA2339E26D53F0A /* libPods-JYMoran.a in Frameworks */,
			);
			runOnlyForDeploymentPostprocessing = 0;
		};
/* End PBXFrameworksBuildPhase section */

/* Begin PBXGroup section */
		70FEBE75C95C26BBB7E2FA49 /* Frameworks */ = {
			isa = PBXGroup;
			children = (
				9F04DC2A1388FE0DA4796C44 /* libPods-JYMoran.a */,
			);
			name = Frameworks;
			sourceTree = "<group>";
		};
		93E9CF0346318A0F56AD0080 /* Pods */ = {
			isa = PBXGroup;
			children = (
				585C32962F9224E39406A22D /* Pods-JYMoran.debug.xcconfig */,
				B67610A654E66561870921E4 /* Pods-JYMoran.release.xcconfig */,
			);
			name = Pods;
			sourceTree = "<group>";
		};
		D81417CB1BDA798800819469 /* Network */ = {
			isa = PBXGroup;
			children = (
				D81417CC1BDA798800819469 /* Parsers */,
				D81417CD1BDA798800819469 /* Requests */,
				D81417CE1BDA798800819469 /* Utilities */,
			);
			path = Network;
			sourceTree = "<group>";
		};
		D81417CC1BDA798800819469 /* Parsers */ = {
			isa = PBXGroup;
			children = (
				D81417D81BDA890000819469 /* JYLoginRequestParser.h */,
				D81417D91BDA890000819469 /* JYLoginRequestParser.m */,
				D81417E11BDCCF0900819469 /* JYRegisterRequestParser.h */,
				D81417E21BDCCF0900819469 /* JYRegisterRequestParser.m */,
				D8C32E221BED8239008BE64B /* JYSquareRequestParser.h */,
				D8C32E231BED8239008BE64B /* JYSquareRequestParser.m */,
			);
			path = Parsers;
			sourceTree = "<group>";
		};
		D81417CD1BDA798800819469 /* Requests */ = {
			isa = PBXGroup;
			children = (
				D81417CF1BDA7A1C00819469 /* JYLoginRequest.h */,
				D81417D01BDA7A1C00819469 /* JYLoginRequest.m */,
				D81417DE1BDCC2CE00819469 /* JYRegisterRequest.h */,
				D81417DF1BDCC2CE00819469 /* JYRegisterRequest.m */,
				D8B1F5F01BEA41E50078A932 /* JYGetImage.h */,
				D8B1F5F11BEA41E50078A932 /* JYGetImage.m */,
				D8B1F5F31BEA4F690078A932 /* JYEditNickNameRequest.h */,
				D8B1F5F41BEA4F690078A932 /* JYEditNickNameRequest.m */,
				D8BC29E51BEB7FD000F71CCA /* JYEditImageRequest.h */,
				D8BC29E61BEB7FD000F71CCA /* JYEditImageRequest.m */,
				D8C32E181BED7A7A008BE64B /* JYSquareRequest.h */,
				D8C32E191BED7A7A008BE64B /* JYSquareRequest.m */,
			);
			path = Requests;
			sourceTree = "<group>";
		};
		D81417CE1BDA798800819469 /* Utilities */ = {
			isa = PBXGroup;
			children = (
				D81417D51BDA815700819469 /* BLMultipartForm.h */,
				D81417D61BDA815700819469 /* BLMultipartForm.m */,
			);
			path = Utilities;
			sourceTree = "<group>";
		};
		D83A776C1BD3D04F0001D893 = {
			isa = PBXGroup;
			children = (
				D83A77771BD3D04F0001D893 /* JYMoran */,
				D83A77761BD3D04F0001D893 /* Products */,
				93E9CF0346318A0F56AD0080 /* Pods */,
				70FEBE75C95C26BBB7E2FA49 /* Frameworks */,
			);
			sourceTree = "<group>";
		};
		D83A77761BD3D04F0001D893 /* Products */ = {
			isa = PBXGroup;
			children = (
				D83A77751BD3D04F0001D893 /* JYMoran.app */,
			);
			name = Products;
			sourceTree = "<group>";
		};
		D83A77771BD3D04F0001D893 /* JYMoran */ = {
			isa = PBXGroup;
			children = (
				D8E790BC1BD7CF8800C24F1F /* App */,
				D8E790B91BD7CF8800C24F1F /* Controllers */,
				D86B07911BE24BE50028744F /* Globals */,
				D8E790C01BD7CF8800C24F1F /* Libary */,
				D8E790C21BD7CF8800C24F1F /* Models */,
				D81417CB1BDA798800819469 /* Network */,
				D8E790BF1BD7CF8800C24F1F /* Resources */,
				D8E790C71BD7D06D00C24F1F /* Supporting Files */,
				D8E790B51BD7CF8800C24F1F /* Views */,
			);
			path = JYMoran;
			sourceTree = "<group>";
		};
		D853BB5C1BD7D37800C1B6D0 /* Square */ = {
			isa = PBXGroup;
			children = (
				D8C32E1B1BED7B3F008BE64B /* JYSquareModel.h */,
				D8C32E1C1BED7B3F008BE64B /* JYSquareModel.m */,
			);
			path = Square;
			sourceTree = "<group>";
		};
		D853BB5D1BD7D37800C1B6D0 /* My */ = {
			isa = PBXGroup;
			children = (
			);
			path = My;
			sourceTree = "<group>";
		};
		D853BB5E1BD7D37800C1B6D0 /* Login */ = {
			isa = PBXGroup;
			children = (
				D81417D21BDA7EE100819469 /* JYUserModel.h */,
				D81417D31BDA7EE100819469 /* JYUserModel.m */,
			);
			path = Login;
			sourceTree = "<group>";
		};
		D853BB5F1BD7D38600C1B6D0 /* Square */ = {
			isa = PBXGroup;
			children = (
				D8C32E081BED6F5A008BE64B /* ViewDetail */,
				D8C32E151BED745B008BE64B /* JYSquareViewController.h */,
				D8C32E161BED745B008BE64B /* JYSquareViewController.m */,
			);
			path = Square;
			sourceTree = "<group>";
		};
		D853BB601BD7D38600C1B6D0 /* My */ = {
			isa = PBXGroup;
			children = (
				D8826DE01BDFAE9600026474 /* JYMyViewController.h */,
				D8826DE11BDFAE9600026474 /* JYMyViewController.m */,
				D8B1F5E71BE8E1090078A932 /* JYNickNameViewController.h */,
				D8B1F5E81BE8E1090078A932 /* JYNickNameViewController.m */,
				D8B1F5EA1BE8E1D90078A932 /* JYHeadImageViewController.h */,
				D8B1F5EB1BE8E1D90078A932 /* JYHeadImageViewController.m */,
				D8B1F5ED1BE8FA360078A932 /* JYHomePageViewController.h */,
				D8B1F5EE1BE8FA360078A932 /* JYHomePageViewController.m */,
			);
			path = My;
			sourceTree = "<group>";
		};
		D853BB611BD7D38600C1B6D0 /* Login */ = {
			isa = PBXGroup;
			children = (
				D853BB701BD7DE9400C1B6D0 /* JYLoginAndRegisterViewController.h */,
				D853BB711BD7DE9400C1B6D0 /* JYLoginAndRegisterViewController.m */,
				D81417DB1BDC8C5700819469 /* JYRegisterViewController.h */,
				D81417DC1BDC8C5700819469 /* JYRegisterViewController.m */,
			);
			path = Login;
			sourceTree = "<group>";
		};
		D86B07911BE24BE50028744F /* Globals */ = {
			isa = PBXGroup;
			children = (
				D86B07921BE24C350028744F /* JYGlobal.h */,
				D86B07931BE24C350028744F /* JYGlobal.m */,
			);
			path = Globals;
			sourceTree = "<group>";
		};
		D8C32E081BED6F5A008BE64B /* ViewDetail */ = {
			isa = PBXGroup;
			children = (
				D8C32E091BED6F87008BE64B /* JYViewDetailController.h */,
				D8C32E0A1BED6F87008BE64B /* JYViewDetailController.m */,
			);
			path = ViewDetail;
			sourceTree = "<group>";
		};
		D8C32E0E1BED719D008BE64B /* Cell */ = {
			isa = PBXGroup;
			children = (
				D8C32E0F1BED71EE008BE64B /* JYSquareCell.h */,
				D8C32E101BED71EE008BE64B /* JYSquareCell.m */,
				D8C32E121BED7238008BE64B /* JYSquareCollectionCell.h */,
				D8C32E131BED7238008BE64B /* JYSquareCollectionCell.m */,
			);
			path = Cell;
			sourceTree = "<group>";
		};
		D8C32E1E1BED81A3008BE64B /* Picture */ = {
			isa = PBXGroup;
			children = (
				D8C32E1F1BED81B9008BE64B /* JYPictureModel.h */,
				D8C32E201BED81B9008BE64B /* JYPictureModel.m */,
			);
			path = Picture;
			sourceTree = "<group>";
		};
		D8E790B51BD7CF8800C24F1F /* Views */ = {
			isa = PBXGroup;
			children = (
				D8C32E0E1BED719D008BE64B /* Cell */,
				D8E790B61BD7CF8800C24F1F /* Storyboard */,
			);
			path = Views;
			sourceTree = "<group>";
		};
		D8E790B61BD7CF8800C24F1F /* Storyboard */ = {
			isa = PBXGroup;
			children = (
				D8C32E0C1BED718C008BE64B /* JYLoginAndRegister.storyboard */,
				D8826DDE1BDFADF200026474 /* JYMy.storyboard */,
				D8C32E061BED6D37008BE64B /* JYSquare.storyboard */,
			);
			path = Storyboard;
			sourceTree = "<group>";
		};
		D8E790B91BD7CF8800C24F1F /* Controllers */ = {
			isa = PBXGroup;
			children = (
				D853BB5F1BD7D38600C1B6D0 /* Square */,
				D853BB601BD7D38600C1B6D0 /* My */,
				D853BB611BD7D38600C1B6D0 /* Login */,
			);
			path = Controllers;
			sourceTree = "<group>";
		};
		D8E790BC1BD7CF8800C24F1F /* App */ = {
			isa = PBXGroup;
			children = (
				D8E790BD1BD7CF8800C24F1F /* AppDelegate.h */,
				D8E790BE1BD7CF8800C24F1F /* AppDelegate.m */,
			);
			path = App;
			sourceTree = "<group>";
		};
		D8E790BF1BD7CF8800C24F1F /* Resources */ = {
			isa = PBXGroup;
			children = (
				D853BB661BD7D6A100C1B6D0 /* Images.xcassets */,
				D853BB681BD7D78600C1B6D0 /* Main.xcassets */,
			);
			path = Resources;
			sourceTree = "<group>";
		};
		D8E790C01BD7CF8800C24F1F /* Libary */ = {
			isa = PBXGroup;
			children = (
			);
			path = Libary;
			sourceTree = "<group>";
		};
		D8E790C21BD7CF8800C24F1F /* Models */ = {
			isa = PBXGroup;
			children = (
				D8C32E1E1BED81A3008BE64B /* Picture */,
				D853BB5C1BD7D37800C1B6D0 /* Square */,
				D853BB5D1BD7D37800C1B6D0 /* My */,
				D853BB5E1BD7D37800C1B6D0 /* Login */,
			);
			path = Models;
			sourceTree = "<group>";
		};
		D8E790C71BD7D06D00C24F1F /* Supporting Files */ = {
			isa = PBXGroup;
			children = (
				D8E790C81BD7D06D00C24F1F /* Info.plist */,
				D8E790C91BD7D06D00C24F1F /* main.m */,
			);
			path = "Supporting Files";
			sourceTree = "<group>";
		};
/* End PBXGroup section */

/* Begin PBXNativeTarget section */
		D83A77741BD3D04F0001D893 /* JYMoran */ = {
			isa = PBXNativeTarget;
			buildConfigurationList = D83A778C1BD3D04F0001D893 /* Build configuration list for PBXNativeTarget "JYMoran" */;
			buildPhases = (
				48920AC47C54EC27A37CD12B /* Check Pods Manifest.lock */,
				D83A77711BD3D04F0001D893 /* Sources */,
				D83A77721BD3D04F0001D893 /* Frameworks */,
				D83A77731BD3D04F0001D893 /* Resources */,
				CA0F89F1327B7A6AD4A45F36 /* Embed Pods Frameworks */,
				B42EE6C66033C618A3C0054D /* Copy Pods Resources */,
			);
			buildRules = (
			);
			dependencies = (
			);
			name = JYMoran;
			productName = JYMoran;
			productReference = D83A77751BD3D04F0001D893 /* JYMoran.app */;
			productType = "com.apple.product-type.application";
		};
/* End PBXNativeTarget section */

/* Begin PBXProject section */
		D83A776D1BD3D04F0001D893 /* Project object */ = {
			isa = PBXProject;
			attributes = {
				LastUpgradeCheck = 0700;
				ORGANIZATIONNAME = JY;
				TargetAttributes = {
					D83A77741BD3D04F0001D893 = {
						CreatedOnToolsVersion = 7.0.1;
						DevelopmentTeam = FE9HS7G7GW;
					};
				};
			};
			buildConfigurationList = D83A77701BD3D04F0001D893 /* Build configuration list for PBXProject "JYMoran" */;
			compatibilityVersion = "Xcode 3.2";
			developmentRegion = English;
			hasScannedForEncodings = 0;
			knownRegions = (
				en,
				Base,
			);
			mainGroup = D83A776C1BD3D04F0001D893;
			productRefGroup = D83A77761BD3D04F0001D893 /* Products */;
			projectDirPath = "";
			projectRoot = "";
			targets = (
				D83A77741BD3D04F0001D893 /* JYMoran */,
			);
		};
/* End PBXProject section */

/* Begin PBXResourcesBuildPhase section */
		D83A77731BD3D04F0001D893 /* Resources */ = {
			isa = PBXResourcesBuildPhase;
			buildActionMask = 2147483647;
			files = (
				D853BB691BD7D78600C1B6D0 /* Main.xcassets in Resources */,
				D8C32E071BED6D37008BE64B /* JYSquare.storyboard in Resources */,
				D853BB671BD7D6A100C1B6D0 /* Images.xcassets in Resources */,
				D8C32E0D1BED718C008BE64B /* JYLoginAndRegister.storyboard in Resources */,
				D8826DDF1BDFADF200026474 /* JYMy.storyboard in Resources */,
			);
			runOnlyForDeploymentPostprocessing = 0;
		};
/* End PBXResourcesBuildPhase section */

/* Begin PBXShellScriptBuildPhase section */
		48920AC47C54EC27A37CD12B /* Check Pods Manifest.lock */ = {
			isa = PBXShellScriptBuildPhase;
			buildActionMask = 2147483647;
			files = (
			);
			inputPaths = (
			);
			name = "Check Pods Manifest.lock";
			outputPaths = (
			);
			runOnlyForDeploymentPostprocessing = 0;
			shellPath = /bin/sh;
			shellScript = "diff \"${PODS_ROOT}/../Podfile.lock\" \"${PODS_ROOT}/Manifest.lock\" > /dev/null\nif [[ $? != 0 ]] ; then\n    cat << EOM\nerror: The sandbox is not in sync with the Podfile.lock. Run 'pod install' or update your CocoaPods installation.\nEOM\n    exit 1\nfi\n";
			showEnvVarsInLog = 0;
		};
		B42EE6C66033C618A3C0054D /* Copy Pods Resources */ = {
			isa = PBXShellScriptBuildPhase;
			buildActionMask = 2147483647;
			files = (
			);
			inputPaths = (
			);
			name = "Copy Pods Resources";
			outputPaths = (
			);
			runOnlyForDeploymentPostprocessing = 0;
			shellPath = /bin/sh;
			shellScript = "\"${SRCROOT}/Pods/Target Support Files/Pods-JYMoran/Pods-JYMoran-resources.sh\"\n";
			showEnvVarsInLog = 0;
		};
		CA0F89F1327B7A6AD4A45F36 /* Embed Pods Frameworks */ = {
			isa = PBXShellScriptBuildPhase;
			buildActionMask = 2147483647;
			files = (
			);
			inputPaths = (
			);
			name = "Embed Pods Frameworks";
			outputPaths = (
			);
			runOnlyForDeploymentPostprocessing = 0;
			shellPath = /bin/sh;
			shellScript = "\"${SRCROOT}/Pods/Target Support Files/Pods-JYMoran/Pods-JYMoran-frameworks.sh\"\n";
			showEnvVarsInLog = 0;
		};
/* End PBXShellScriptBuildPhase section */

/* Begin PBXSourcesBuildPhase section */
		D83A77711BD3D04F0001D893 /* Sources */ = {
			isa = PBXSourcesBuildPhase;
			buildActionMask = 2147483647;
			files = (
				D81417DA1BDA890000819469 /* JYLoginRequestParser.m in Sources */,
				D8B1F5E91BE8E1090078A932 /* JYNickNameViewController.m in Sources */,
				D8C32E241BED8239008BE64B /* JYSquareRequestParser.m in Sources */,
				D8C32E0B1BED6F87008BE64B /* JYViewDetailController.m in Sources */,
				D86B07941BE24C350028744F /* JYGlobal.m in Sources */,
				D81417D71BDA815700819469 /* BLMultipartForm.m in Sources */,
				D8B1F5EF1BE8FA360078A932 /* JYHomePageViewController.m in Sources */,
				D8B1F5F51BEA4F690078A932 /* JYEditNickNameRequest.m in Sources */,
				D81417D11BDA7A1C00819469 /* JYLoginRequest.m in Sources */,
				D81417E01BDCC2CE00819469 /* JYRegisterRequest.m in Sources */,
				D8BC29E71BEB7FD000F71CCA /* JYEditImageRequest.m in Sources */,
				D81417E31BDCCF0900819469 /* JYRegisterRequestParser.m in Sources */,
				D81417D41BDA7EE100819469 /* JYUserModel.m in Sources */,
				D8C32E141BED7238008BE64B /* JYSquareCollectionCell.m in Sources */,
				D81417DD1BDC8C5700819469 /* JYRegisterViewController.m in Sources */,
				D8C32E111BED71EE008BE64B /* JYSquareCell.m in Sources */,
				D8C32E1D1BED7B3F008BE64B /* JYSquareModel.m in Sources */,
				D8826DE21BDFAE9600026474 /* JYMyViewController.m in Sources */,
				D8C32E1A1BED7A7A008BE64B /* JYSquareRequest.m in Sources */,
				D8E790CB1BD7D06D00C24F1F /* main.m in Sources */,
				D8E790C61BD7CF8800C24F1F /* AppDelegate.m in Sources */,
				D8C32E171BED745B008BE64B /* JYSquareViewController.m in Sources */,
				D8B1F5F21BEA41E50078A932 /* JYGetImage.m in Sources */,
				D853BB721BD7DE9400C1B6D0 /* JYLoginAndRegisterViewController.m in Sources */,
				D8C32E211BED81B9008BE64B /* JYPictureModel.m in Sources */,
				D8B1F5EC1BE8E1D90078A932 /* JYHeadImageViewController.m in Sources */,
			);
			runOnlyForDeploymentPostprocessing = 0;
		};
/* End PBXSourcesBuildPhase section */

/* Begin XCBuildConfiguration section */
		D83A778A1BD3D04F0001D893 /* Debug */ = {
			isa = XCBuildConfiguration;
			buildSettings = {
				ALWAYS_SEARCH_USER_PATHS = NO;
				CLANG_CXX_LANGUAGE_STANDARD = "gnu++0x";
				CLANG_CXX_LIBRARY = "libc++";
				CLANG_ENABLE_MODULES = YES;
				CLANG_ENABLE_OBJC_ARC = YES;
				CLANG_WARN_BOOL_CONVERSION = YES;
				CLANG_WARN_CONSTANT_CONVERSION = YES;
				CLANG_WARN_DIRECT_OBJC_ISA_USAGE = YES_ERROR;
				CLANG_WARN_EMPTY_BODY = YES;
				CLANG_WARN_ENUM_CONVERSION = YES;
				CLANG_WARN_INT_CONVERSION = YES;
				CLANG_WARN_OBJC_ROOT_CLASS = YES_ERROR;
				CLANG_WARN_UNREACHABLE_CODE = YES;
				CLANG_WARN__DUPLICATE_METHOD_MATCH = YES;
				"CODE_SIGN_IDENTITY[sdk=iphoneos*]" = "iPhone Developer";
				COPY_PHASE_STRIP = NO;
				DEBUG_INFORMATION_FORMAT = dwarf;
				ENABLE_STRICT_OBJC_MSGSEND = YES;
				ENABLE_TESTABILITY = YES;
				GCC_C_LANGUAGE_STANDARD = gnu99;
				GCC_DYNAMIC_NO_PIC = NO;
				GCC_NO_COMMON_BLOCKS = YES;
				GCC_OPTIMIZATION_LEVEL = 0;
				GCC_PREPROCESSOR_DEFINITIONS = (
					"DEBUG=1",
					"$(inherited)",
				);
				GCC_WARN_64_TO_32_BIT_CONVERSION = YES;
				GCC_WARN_ABOUT_RETURN_TYPE = YES_ERROR;
				GCC_WARN_UNDECLARED_SELECTOR = YES;
				GCC_WARN_UNINITIALIZED_AUTOS = YES_AGGRESSIVE;
				GCC_WARN_UNUSED_FUNCTION = YES;
				GCC_WARN_UNUSED_VARIABLE = YES;
				IPHONEOS_DEPLOYMENT_TARGET = 9.0;
				MTL_ENABLE_DEBUG_INFO = YES;
				ONLY_ACTIVE_ARCH = YES;
				SDKROOT = iphoneos;
			};
			name = Debug;
		};
		D83A778B1BD3D04F0001D893 /* Release */ = {
			isa = XCBuildConfiguration;
			buildSettings = {
				ALWAYS_SEARCH_USER_PATHS = NO;
				CLANG_CXX_LANGUAGE_STANDARD = "gnu++0x";
				CLANG_CXX_LIBRARY = "libc++";
				CLANG_ENABLE_MODULES = YES;
				CLANG_ENABLE_OBJC_ARC = YES;
				CLANG_WARN_BOOL_CONVERSION = YES;
				CLANG_WARN_CONSTANT_CONVERSION = YES;
				CLANG_WARN_DIRECT_OBJC_ISA_USAGE = YES_ERROR;
				CLANG_WARN_EMPTY_BODY = YES;
				CLANG_WARN_ENUM_CONVERSION = YES;
				CLANG_WARN_INT_CONVERSION = YES;
				CLANG_WARN_OBJC_ROOT_CLASS = YES_ERROR;
				CLANG_WARN_UNREACHABLE_CODE = YES;
				CLANG_WARN__DUPLICATE_METHOD_MATCH = YES;
				"CODE_SIGN_IDENTITY[sdk=iphoneos*]" = "iPhone Developer";
				COPY_PHASE_STRIP = NO;
				DEBUG_INFORMATION_FORMAT = "dwarf-with-dsym";
				ENABLE_NS_ASSERTIONS = NO;
				ENABLE_STRICT_OBJC_MSGSEND = YES;
				GCC_C_LANGUAGE_STANDARD = gnu99;
				GCC_NO_COMMON_BLOCKS = YES;
				GCC_WARN_64_TO_32_BIT_CONVERSION = YES;
				GCC_WARN_ABOUT_RETURN_TYPE = YES_ERROR;
				GCC_WARN_UNDECLARED_SELECTOR = YES;
				GCC_WARN_UNINITIALIZED_AUTOS = YES_AGGRESSIVE;
				GCC_WARN_UNUSED_FUNCTION = YES;
				GCC_WARN_UNUSED_VARIABLE = YES;
				IPHONEOS_DEPLOYMENT_TARGET = 9.0;
				MTL_ENABLE_DEBUG_INFO = NO;
				SDKROOT = iphoneos;
				VALIDATE_PRODUCT = YES;
			};
			name = Release;
		};
		D83A778D1BD3D04F0001D893 /* Debug */ = {
			isa = XCBuildConfiguration;
			baseConfigurationReference = 585C32962F9224E39406A22D /* Pods-JYMoran.debug.xcconfig */;
			buildSettings = {
				CODE_SIGN_IDENTITY = "iPhone Developer";
				INFOPLIST_FILE = "JYMoran/Supporting Files/Info.plist";
				IPHONEOS_DEPLOYMENT_TARGET = 8.0;
				LD_RUNPATH_SEARCH_PATHS = "$(inherited) @executable_path/Frameworks";
				PRODUCT_BUNDLE_IDENTIFIER = com.yujiang.JYMoran;
				PRODUCT_NAME = "$(TARGET_NAME)";
			};
			name = Debug;
		};
		D83A778E1BD3D04F0001D893 /* Release */ = {
			isa = XCBuildConfiguration;
			baseConfigurationReference = B67610A654E66561870921E4 /* Pods-JYMoran.release.xcconfig */;
			buildSettings = {
				CODE_SIGN_IDENTITY = "iPhone Developer";
				INFOPLIST_FILE = "JYMoran/Supporting Files/Info.plist";
				IPHONEOS_DEPLOYMENT_TARGET = 8.0;
				LD_RUNPATH_SEARCH_PATHS = "$(inherited) @executable_path/Frameworks";
				PRODUCT_BUNDLE_IDENTIFIER = com.yujiang.JYMoran;
				PRODUCT_NAME = "$(TARGET_NAME)";
			};
			name = Release;
		};
/* End XCBuildConfiguration section */

/* Begin XCConfigurationList section */
		D83A77701BD3D04F0001D893 /* Build configuration list for PBXProject "JYMoran" */ = {
			isa = XCConfigurationList;
			buildConfigurations = (
				D83A778A1BD3D04F0001D893 /* Debug */,
				D83A778B1BD3D04F0001D893 /* Release */,
			);
			defaultConfigurationIsVisible = 0;
			defaultConfigurationName = Release;
		};
		D83A778C1BD3D04F0001D893 /* Build configuration list for PBXNativeTarget "JYMoran" */ = {
			isa = XCConfigurationList;
			buildConfigurations = (
				D83A778D1BD3D04F0001D893 /* Debug */,
				D83A778E1BD3D04F0001D893 /* Release */,
			);
			defaultConfigurationIsVisible = 0;
			defaultConfigurationName = Release;
		};
/* End XCConfigurationList section */
	};
	rootObject = D83A776D1BD3D04F0001D893 /* Project object */;
}
